
Microsoft Visual Studio Solution File, Format Version 12.00
# Visual Studio Version 17
VisualStudioVersion = 17.2.32516.85
MinimumVisualStudioVersion = 10.0.40219.1
Project("{FAE04EC0-301F-11D3-BF4B-00C04F79EFBC}") = "Milestone", "Milestone.csproj", "{C3A70387-0498-4F7B-8D95-AC4FA8040831}"
EndProject
Project("{2150E333-8FDC-42A3-9474-1A3956D46DE8}") = "Solution Items", "Solution Items", "{A6C43651-B632-4E71-AB18-F385832A9961}"
	ProjectSection(SolutionItems) = preProject
		.editorconfig = .editorconfig
	EndProjectSection
EndProject
Global
	GlobalSection(SolutionConfigurationPlatforms) = preSolution
		Debug|Any CPU = Debug|Any CPU
		Release|Any CPU = Release|Any CPU
	EndGlobalSection
	GlobalSection(ProjectConfigurationPlatforms) = postSolution
		{C3A70387-0498-4F7B-8D95-AC4FA8040831}.Debug|Any CPU.ActiveCfg = Debug|Any CPU
		{C3A70387-0498-4F7B-8D95-AC4FA8040831}.Debug|Any CPU.Build.0 = Debug|Any CPU
		{C3A70387-0498-4F7B-8D95-AC4FA8040831}.Release|Any CPU.ActiveCfg = Release|Any CPU
		{C3A70387-0498-4F7B-8D95-AC4FA8040831}.Release|Any CPU.Build.0 = Release|Any CPU
	EndGlobalSection
	GlobalSection(SolutionProperties) = preSolution
		HideSolutionNode = FALSE
	EndGlobalSection
	GlobalSection(ExtensibilityGlobals) = postSolution
		SolutionGuid = {5A1CC593-AA8D-42D3-88CB-B1DAA21BF9EF}
	EndGlobalSection
EndGlobal
